
Microsoft Visual Studio Solution File, Format Version 12.00
# Visual Studio Version 17
VisualStudioVersion = 17.8.34330.188
MinimumVisualStudioVersion = 10.0.40219.1
Project("{9A19103F-16F7-4668-BE54-9A1E7A4F7556}") = "Assignment2", "Assignment2\Assignment2.csproj", "{C4D076ED-5869-4C4C-AF51-2C8CB91BB47E}"
EndProject
Project("{9A19103F-16F7-4668-BE54-9A1E7A4F7556}") = "BMI", "BMI\BMI.csproj", "{D03757A6-075F-46DB-AB34-BE6041D5B4F1}"
EndProject
Project("{9A19103F-16F7-4668-BE54-9A1E7A4F7556}") = "Zodiac", "Zodiac\Zodiac.csproj", "{DFB9ED89-C84F-48F8-939C-2E53A5340B5C}"
EndProject
Global
	GlobalSection(SolutionConfigurationPlatforms) = preSolution
		Debug|Any CPU = Debug|Any CPU
		Release|Any CPU = Release|Any CPU
	EndGlobalSection
	GlobalSection(ProjectConfigurationPlatforms) = postSolution
		{C4D076ED-5869-4C4C-AF51-2C8CB91BB47E}.Debug|Any CPU.ActiveCfg = Debug|Any CPU
		{C4D076ED-5869-4C4C-AF51-2C8CB91BB47E}.Debug|Any CPU.Build.0 = Debug|Any CPU
		{C4D076ED-5869-4C4C-AF51-2C8CB91BB47E}.Release|Any CPU.ActiveCfg = Release|Any CPU
		{C4D076ED-5869-4C4C-AF51-2C8CB91BB47E}.Release|Any CPU.Build.0 = Release|Any CPU
		{D03757A6-075F-46DB-AB34-BE6041D5B4F1}.Debug|Any CPU.ActiveCfg = Debug|Any CPU
		{D03757A6-075F-46DB-AB34-BE6041D5B4F1}.Debug|Any CPU.Build.0 = Debug|Any CPU
		{D03757A6-075F-46DB-AB34-BE6041D5B4F1}.Release|Any CPU.ActiveCfg = Release|Any CPU
		{D03757A6-075F-46DB-AB34-BE6041D5B4F1}.Release|Any CPU.Build.0 = Release|Any CPU
		{DFB9ED89-C84F-48F8-939C-2E53A5340B5C}.Debug|Any CPU.ActiveCfg = Debug|Any CPU
		{DFB9ED89-C84F-48F8-939C-2E53A5340B5C}.Debug|Any CPU.Build.0 = Debug|Any CPU
		{DFB9ED89-C84F-48F8-939C-2E53A5340B5C}.Release|Any CPU.ActiveCfg = Release|Any CPU
		{DFB9ED89-C84F-48F8-939C-2E53A5340B5C}.Release|Any CPU.Build.0 = Release|Any CPU
	EndGlobalSection
	GlobalSection(SolutionProperties) = preSolution
		HideSolutionNode = FALSE
	EndGlobalSection
	GlobalSection(ExtensibilityGlobals) = postSolution
		SolutionGuid = {7E463A43-6CB3-4D43-803E-C14C44FB7CC2}
	EndGlobalSection
EndGlobal
